
Microsoft Visual Studio Solution File, Format Version 12.00
# Visual Studio Version 17
VisualStudioVersion = 17.7.34003.232
MinimumVisualStudioVersion = 10.0.40219.1
Project("{FAE04EC0-301F-11D3-BF4B-00C04F79EFBC}") = "presentacion", "presentacion\presentacion.csproj", "{AB0AF1C4-465C-4C2E-86F5-4A00232E6916}"
EndProject
Project("{FAE04EC0-301F-11D3-BF4B-00C04F79EFBC}") = "dominio", "dominio\dominio.csproj", "{B53D445F-D4A5-48A3-95CE-FF32217A6251}"
EndProject
Project("{FAE04EC0-301F-11D3-BF4B-00C04F79EFBC}") = "negocio", "negocio\negocio.csproj", "{9FC2E06A-B4B2-47D7-A9CA-BB2EC5DE2988}"
EndProject
Global
	GlobalSection(SolutionConfigurationPlatforms) = preSolution
		Debug|Any CPU = Debug|Any CPU
		Release|Any CPU = Release|Any CPU
	EndGlobalSection
	GlobalSection(ProjectConfigurationPlatforms) = postSolution
		{AB0AF1C4-465C-4C2E-86F5-4A00232E6916}.Debug|Any CPU.ActiveCfg = Debug|Any CPU
		{AB0AF1C4-465C-4C2E-86F5-4A00232E6916}.Debug|Any CPU.Build.0 = Debug|Any CPU
		{AB0AF1C4-465C-4C2E-86F5-4A00232E6916}.Release|Any CPU.ActiveCfg = Release|Any CPU
		{AB0AF1C4-465C-4C2E-86F5-4A00232E6916}.Release|Any CPU.Build.0 = Release|Any CPU
		{B53D445F-D4A5-48A3-95CE-FF32217A6251}.Debug|Any CPU.ActiveCfg = Debug|Any CPU
		{B53D445F-D4A5-48A3-95CE-FF32217A6251}.Debug|Any CPU.Build.0 = Debug|Any CPU
		{B53D445F-D4A5-48A3-95CE-FF32217A6251}.Release|Any CPU.ActiveCfg = Release|Any CPU
		{B53D445F-D4A5-48A3-95CE-FF32217A6251}.Release|Any CPU.Build.0 = Release|Any CPU
		{9FC2E06A-B4B2-47D7-A9CA-BB2EC5DE2988}.Debug|Any CPU.ActiveCfg = Debug|Any CPU
		{9FC2E06A-B4B2-47D7-A9CA-BB2EC5DE2988}.Debug|Any CPU.Build.0 = Debug|Any CPU
		{9FC2E06A-B4B2-47D7-A9CA-BB2EC5DE2988}.Release|Any CPU.ActiveCfg = Release|Any CPU
		{9FC2E06A-B4B2-47D7-A9CA-BB2EC5DE2988}.Release|Any CPU.Build.0 = Release|Any CPU
	EndGlobalSection
	GlobalSection(SolutionProperties) = preSolution
		HideSolutionNode = FALSE
	EndGlobalSection
	GlobalSection(ExtensibilityGlobals) = postSolution
		SolutionGuid = {00E15BC9-B2C1-4915-95C0-00A657A058EA}
	EndGlobalSection
EndGlobal
